
Microsoft Visual Studio Solution File, Format Version 12.00
# Visual Studio Version 16
VisualStudioVersion = 16.0.30002.166
MinimumVisualStudioVersion = 10.0.40219.1
Project("{9A19103F-16F7-4668-BE54-9A1E7A4F7556}") = "WebChat", "WebChat.csproj", "{CBDD50A7-3B11-4208-9507-49BDBB91601F}"
EndProject
Global
	GlobalSection(SolutionConfigurationPlatforms) = preSolution
		Debug|Any CPU = Debug|Any CPU
		Release|Any CPU = Release|Any CPU
	EndGlobalSection
	GlobalSection(ProjectConfigurationPlatforms) = postSolution
		{CBDD50A7-3B11-4208-9507-49BDBB91601F}.Debug|Any CPU.ActiveCfg = Debug|Any CPU
		{CBDD50A7-3B11-4208-9507-49BDBB91601F}.Debug|Any CPU.Build.0 = Debug|Any CPU
		{CBDD50A7-3B11-4208-9507-49BDBB91601F}.Release|Any CPU.ActiveCfg = Release|Any CPU
		{CBDD50A7-3B11-4208-9507-49BDBB91601F}.Release|Any CPU.Build.0 = Release|Any CPU
	EndGlobalSection
	GlobalSection(SolutionProperties) = preSolution
		HideSolutionNode = FALSE
	EndGlobalSection
	GlobalSection(ExtensibilityGlobals) = postSolution
		SolutionGuid = {784121A1-303C-47DE-9809-86A6A5F602F3}
	EndGlobalSection
EndGlobal
